
Microsoft Visual Studio Solution File, Format Version 12.00
# Visual Studio Version 17
VisualStudioVersion = 17.10.35122.118
MinimumVisualStudioVersion = 10.0.40219.1
Project("{8BC9CEB8-8B4A-11D0-8D11-00A0C91BC942}") = "crypt", "crypt\crypt.vcxproj", "{B0156EDF-B049-47D2-956A-D2FA42C65C62}"
EndProject
Global
	GlobalSection(SolutionConfigurationPlatforms) = preSolution
		Debug|x64 = Debug|x64
		Debug|x86 = Debug|x86
		Release|x64 = Release|x64
		Release|x86 = Release|x86
	EndGlobalSection
	GlobalSection(ProjectConfigurationPlatforms) = postSolution
		{B0156EDF-B049-47D2-956A-D2FA42C65C62}.Debug|x64.ActiveCfg = Debug|x64
		{B0156EDF-B049-47D2-956A-D2FA42C65C62}.Debug|x64.Build.0 = Debug|x64
		{B0156EDF-B049-47D2-956A-D2FA42C65C62}.Debug|x86.ActiveCfg = Debug|Win32
		{B0156EDF-B049-47D2-956A-D2FA42C65C62}.Debug|x86.Build.0 = Debug|Win32
		{B0156EDF-B049-47D2-956A-D2FA42C65C62}.Release|x64.ActiveCfg = Release|x64
		{B0156EDF-B049-47D2-956A-D2FA42C65C62}.Release|x64.Build.0 = Release|x64
		{B0156EDF-B049-47D2-956A-D2FA42C65C62}.Release|x86.ActiveCfg = Release|Win32
		{B0156EDF-B049-47D2-956A-D2FA42C65C62}.Release|x86.Build.0 = Release|Win32
	EndGlobalSection
	GlobalSection(SolutionProperties) = preSolution
		HideSolutionNode = FALSE
	EndGlobalSection
	GlobalSection(ExtensibilityGlobals) = postSolution
		SolutionGuid = {984EB63F-8F4E-4821-A2CE-12270B83A92C}
	EndGlobalSection
EndGlobal
